// !$*UTF8*$!
{
	archiveVersion = 1;
	classes = {
	};
	objectVersion = 50;
	objects = {

/* Begin PBXBuildFile section */
		1F486F2B25D2ECB500CB192F /* AppDelegate.swift in Sources */ = {isa = PBXBuildFile; fileRef = 1F486F2A25D2ECB500CB192F /* AppDelegate.swift */; };
		1F486F2D25D2ECB500CB192F /* SceneDelegate.swift in Sources */ = {isa = PBXBuildFile; fileRef = 1F486F2C25D2ECB500CB192F /* SceneDelegate.swift */; };
		1F486F2F25D2ECB500CB192F /* ViewController.swift in Sources */ = {isa = PBXBuildFile; fileRef = 1F486F2E25D2ECB500CB192F /* ViewController.swift */; };
		1F486F3225D2ECB500CB192F /* Main.storyboard in Resources */ = {isa = PBXBuildFile; fileRef = 1F486F3025D2ECB500CB192F /* Main.storyboard */; };
		1F486F3425D2ECB800CB192F /* Assets.xcassets in Resources */ = {isa = PBXBuildFile; fileRef = 1F486F3325D2ECB800CB192F /* Assets.xcassets */; };
		1F486F3725D2ECB800CB192F /* LaunchScreen.storyboard in Resources */ = {isa = PBXBuildFile; fileRef = 1F486F3525D2ECB800CB192F /* LaunchScreen.storyboard */; };
		1F486F4A25D30A3900CB192F /* Question.swift in Sources */ = {isa = PBXBuildFile; fileRef = 1F486F4925D30A3900CB192F /* Question.swift */; };
		1F486F4D25D30BAA00CB192F /* Answer.swift in Sources */ = {isa = PBXBuildFile; fileRef = 1F486F4C25D30BAA00CB192F /* Answer.swift */; };
/* End PBXBuildFile section */

/* Begin PBXFileReference section */
		1F486F2725D2ECB500CB192F /* PersonalQuizzz.app */ = {isa = PBXFileReference; explicitFileType = wrapper.application; includeInIndex = 0; path = PersonalQuizzz.app; sourceTree = BUILT_PRODUCTS_DIR; };
		1F486F2A25D2ECB500CB192F /* AppDelegate.swift */ = {isa = PBXFileReference; lastKnownFileType = sourcecode.swift; path = AppDelegate.swift; sourceTree = "<group>"; };
		1F486F2C25D2ECB500CB192F /* SceneDelegate.swift */ = {isa = PBXFileReference; lastKnownFileType = sourcecode.swift; path = SceneDelegate.swift; sourceTree = "<group>"; };
		1F486F2E25D2ECB500CB192F /* ViewController.swift */ = {isa = PBXFileReference; lastKnownFileType = sourcecode.swift; path = ViewController.swift; sourceTree = "<group>"; };
		1F486F3125D2ECB500CB192F /* Base */ = {isa = PBXFileReference; lastKnownFileType = file.storyboard; name = Base; path = Base.lproj/Main.storyboard; sourceTree = "<group>"; };
		1F486F3325D2ECB800CB192F /* Assets.xcassets */ = {isa = PBXFileReference; lastKnownFileType = folder.assetcatalog; path = Assets.xcassets; sourceTree = "<group>"; };
		1F486F3625D2ECB800CB192F /* Base */ = {isa = PBXFileReference; lastKnownFileType = file.storyboard; name = Base; path = Base.lproj/LaunchScreen.storyboard; sourceTree = "<group>"; };
		1F486F3825D2ECB800CB192F /* Info.plist */ = {isa = PBXFileReference; lastKnownFileType = text.plist.xml; path = Info.plist; sourceTree = "<group>"; };
		1F486F4925D30A3900CB192F /* Question.swift */ = {isa = PBXFileReference; lastKnownFileType = sourcecode.swift; path = Question.swift; sourceTree = "<group>"; };
		1F486F4C25D30BAA00CB192F /* Answer.swift */ = {isa = PBXFileReference; lastKnownFileType = sourcecode.swift; path = Answer.swift; sourceTree = "<group>"; };
/* End PBXFileReference section */

/* Begin PBXFrameworksBuildPhase section */
		1F486F2425D2ECB500CB192F /* Frameworks */ = {
			isa = PBXFrameworksBuildPhase;
			buildActionMask = 2147483647;
			files = (
			);
			runOnlyForDeploymentPostprocessing = 0;
		};
/* End PBXFrameworksBuildPhase section */

/* Begin PBXGroup section */
		1F486F1E25D2ECB500CB192F = {
			isa = PBXGroup;
			children = (
				1F486F2925D2ECB500CB192F /* PersonalQuizzz */,
				1F486F2825D2ECB500CB192F /* Products */,
			);
			sourceTree = "<group>";
		};
		1F486F2825D2ECB500CB192F /* Products */ = {
			isa = PBXGroup;
			children = (
				1F486F2725D2ECB500CB192F /* PersonalQuizzz.app */,
			);
			name = Products;
			sourceTree = "<group>";
		};
		1F486F2925D2ECB500CB192F /* PersonalQuizzz */ = {
			isa = PBXGroup;
			children = (
				1F486F3F25D2ED4200CB192F /* ViewControllers */,
				1F486F4725D2EEAC00CB192F /* Models */,
				1F486F4125D2ED6D00CB192F /* Storyboards */,
				1F486F4225D2EDBB00CB192F /* SupportingFiles */,
				1F486F4425D2EDDB00CB192F /* Resources */,
			);
			path = PersonalQuizzz;
			sourceTree = "<group>";
		};
		1F486F3F25D2ED4200CB192F /* ViewControllers */ = {
			isa = PBXGroup;
			children = (
				1F486F2E25D2ECB500CB192F /* ViewController.swift */,
			);
			path = ViewControllers;
			sourceTree = "<group>";
		};
		1F486F4125D2ED6D00CB192F /* Storyboards */ = {
			isa = PBXGroup;
			children = (
				1F486F3025D2ECB500CB192F /* Main.storyboard */,
				1F486F3525D2ECB800CB192F /* LaunchScreen.storyboard */,
			);
			path = Storyboards;
			sourceTree = "<group>";
		};
		1F486F4225D2EDBB00CB192F /* SupportingFiles */ = {
			isa = PBXGroup;
			children = (
				1F486F2A25D2ECB500CB192F /* AppDelegate.swift */,
				1F486F2C25D2ECB500CB192F /* SceneDelegate.swift */,
				1F486F3825D2ECB800CB192F /* Info.plist */,
			);
			path = SupportingFiles;
			sourceTree = "<group>";
		};
		1F486F4425D2EDDB00CB192F /* Resources */ = {
			isa = PBXGroup;
			children = (
				1F486F3325D2ECB800CB192F /* Assets.xcassets */,
			);
			path = Resources;
			sourceTree = "<group>";
		};
		1F486F4725D2EEAC00CB192F /* Models */ = {
			isa = PBXGroup;
			children = (
				1F486F4925D30A3900CB192F /* Question.swift */,
				1F486F4C25D30BAA00CB192F /* Answer.swift */,
			);
			path = Models;
			sourceTree = "<group>";
		};
/* End PBXGroup section */

/* Begin PBXNativeTarget section */
		1F486F2625D2ECB500CB192F /* PersonalQuizzz */ = {
			isa = PBXNativeTarget;
			buildConfigurationList = 1F486F3B25D2ECB800CB192F /* Build configuration list for PBXNativeTarget "PersonalQuizzz" */;
			buildPhases = (
				1F486F2325D2ECB500CB192F /* Sources */,
				1F486F2425D2ECB500CB192F /* Frameworks */,
				1F486F2525D2ECB500CB192F /* Resources */,
			);
			buildRules = (
			);
			dependencies = (
			);
			name = PersonalQuizzz;
			productName = PersonalQuizzz;
			productReference = 1F486F2725D2ECB500CB192F /* PersonalQuizzz.app */;
			productType = "com.apple.product-type.application";
		};
/* End PBXNativeTarget section */

/* Begin PBXProject section */
		1F486F1F25D2ECB500CB192F /* Project object */ = {
			isa = PBXProject;
			attributes = {
				LastSwiftUpdateCheck = 1230;
				LastUpgradeCheck = 1230;
				TargetAttributes = {
					1F486F2625D2ECB500CB192F = {
						CreatedOnToolsVersion = 12.3;
					};
				};
			};
			buildConfigurationList = 1F486F2225D2ECB500CB192F /* Build configuration list for PBXProject "PersonalQuizzz" */;
			compatibilityVersion = "Xcode 9.3";
			developmentRegion = en;
			hasScannedForEncodings = 0;
			knownRegions = (
				en,
				Base,
			);
			mainGroup = 1F486F1E25D2ECB500CB192F;
			productRefGroup = 1F486F2825D2ECB500CB192F /* Products */;
			projectDirPath = "";
			projectRoot = "";
			targets = (
				1F486F2625D2ECB500CB192F /* PersonalQuizzz */,
			);
		};
/* End PBXProject section */

/* Begin PBXResourcesBuildPhase section */
		1F486F2525D2ECB500CB192F /* Resources */ = {
			isa = PBXResourcesBuildPhase;
			buildActionMask = 2147483647;
			files = (
				1F486F3725D2ECB800CB192F /* LaunchScreen.storyboard in Resources */,
				1F486F3425D2ECB800CB192F /* Assets.xcassets in Resources */,
				1F486F3225D2ECB500CB192F /* Main.storyboard in Resources */,
			);
			runOnlyForDeploymentPostprocessing = 0;
		};
/* End PBXResourcesBuildPhase section */

/* Begin PBXSourcesBuildPhase section */
		1F486F2325D2ECB500CB192F /* Sources */ = {
			isa = PBXSourcesBuildPhase;
			buildActionMask = 2147483647;
			files = (
				1F486F2F25D2ECB500CB192F /* ViewController.swift in Sources */,
				1F486F4A25D30A3900CB192F /* Question.swift in Sources */,
				1F486F4D25D30BAA00CB192F /* Answer.swift in Sources */,
				1F486F2B25D2ECB500CB192F /* AppDelegate.swift in Sources */,
				1F486F2D25D2ECB500CB192F /* SceneDelegate.swift in Sources */,
			);
			runOnlyForDeploymentPostprocessing = 0;
		};
/* End PBXSourcesBuildPhase section */

/* Begin PBXVariantGroup section */
		1F486F3025D2ECB500CB192F /* Main.storyboard */ = {
			isa = PBXVariantGroup;
			children = (
				1F486F3125D2ECB500CB192F /* Base */,
			);
			name = Main.storyboard;
			sourceTree = "<group>";
		};
		1F486F3525D2ECB800CB192F /* LaunchScreen.storyboard */ = {
			isa = PBXVariantGroup;
			children = (
				1F486F3625D2ECB800CB192F /* Base */,
			);
			name = LaunchScreen.storyboard;
			sourceTree = "<group>";
		};
/* End PBXVariantGroup section */

/* Begin XCBuildConfiguration section */
		1F486F3925D2ECB800CB192F /* Debug */ = {
			isa = XCBuildConfiguration;
			buildSettings = {
				ALWAYS_SEARCH_USER_PATHS = NO;
				CLANG_ANALYZER_NONNULL = YES;
				CLANG_ANALYZER_NUMBER_OBJECT_CONVERSION = YES_AGGRESSIVE;
				CLANG_CXX_LANGUAGE_STANDARD = "gnu++14";
				CLANG_CXX_LIBRARY = "libc++";
				CLANG_ENABLE_MODULES = YES;
				CLANG_ENABLE_OBJC_ARC = YES;
				CLANG_ENABLE_OBJC_WEAK = YES;
				CLANG_WARN_BLOCK_CAPTURE_AUTORELEASING = YES;
				CLANG_WARN_BOOL_CONVERSION = YES;
				CLANG_WARN_COMMA = YES;
				CLANG_WARN_CONSTANT_CONVERSION = YES;
				CLANG_WARN_DEPRECATED_OBJC_IMPLEMENTATIONS = YES;
				CLANG_WARN_DIRECT_OBJC_ISA_USAGE = YES_ERROR;
				CLANG_WARN_DOCUMENTATION_COMMENTS = YES;
				CLANG_WARN_EMPTY_BODY = YES;
				CLANG_WARN_ENUM_CONVERSION = YES;
				CLANG_WARN_INFINITE_RECURSION = YES;
				CLANG_WARN_INT_CONVERSION = YES;
				CLANG_WARN_NON_LITERAL_NULL_CONVERSION = YES;
				CLANG_WARN_OBJC_IMPLICIT_RETAIN_SELF = YES;
				CLANG_WARN_OBJC_LITERAL_CONVERSION = YES;
				CLANG_WARN_OBJC_ROOT_CLASS = YES_ERROR;
				CLANG_WARN_QUOTED_INCLUDE_IN_FRAMEWORK_HEADER = YES;
				CLANG_WARN_RANGE_LOOP_ANALYSIS = YES;
				CLANG_WARN_STRICT_PROTOTYPES = YES;
				CLANG_WARN_SUSPICIOUS_MOVE = YES;
				CLANG_WARN_UNGUARDED_AVAILABILITY = YES_AGGRESSIVE;
				CLANG_WARN_UNREACHABLE_CODE = YES;
				CLANG_WARN__DUPLICATE_METHOD_MATCH = YES;
				COPY_PHASE_STRIP = NO;
				DEBUG_INFORMATION_FORMAT = dwarf;
				ENABLE_STRICT_OBJC_MSGSEND = YES;
				ENABLE_TESTABILITY = YES;
				GCC_C_LANGUAGE_STANDARD = gnu11;
				GCC_DYNAMIC_NO_PIC = NO;
				GCC_NO_COMMON_BLOCKS = YES;
				GCC_OPTIMIZATION_LEVEL = 0;
				GCC_PREPROCESSOR_DEFINITIONS = (
					"DEBUG=1",
					"$(inherited)",
				);
				GCC_WARN_64_TO_32_BIT_CONVERSION = YES;
				GCC_WARN_ABOUT_RETURN_TYPE = YES_ERROR;
				GCC_WARN_UNDECLARED_SELECTOR = YES;
				GCC_WARN_UNINITIALIZED_AUTOS = YES_AGGRESSIVE;
				GCC_WARN_UNUSED_FUNCTION = YES;
				GCC_WARN_UNUSED_VARIABLE = YES;
				IPHONEOS_DEPLOYMENT_TARGET = 14.3;
				MTL_ENABLE_DEBUG_INFO = INCLUDE_SOURCE;
				MTL_FAST_MATH = YES;
				ONLY_ACTIVE_ARCH = YES;
				SDKROOT = iphoneos;
				SWIFT_ACTIVE_COMPILATION_CONDITIONS = DEBUG;
				SWIFT_OPTIMIZATION_LEVEL = "-Onone";
			};
			name = Debug;
		};
		1F486F3A25D2ECB800CB192F /* Release */ = {
			isa = XCBuildConfiguration;
			buildSettings = {
				ALWAYS_SEARCH_USER_PATHS = NO;
				CLANG_ANALYZER_NONNULL = YES;
				CLANG_ANALYZER_NUMBER_OBJECT_CONVERSION = YES_AGGRESSIVE;
				CLANG_CXX_LANGUAGE_STANDARD = "gnu++14";
				CLANG_CXX_LIBRARY = "libc++";
				CLANG_ENABLE_MODULES = YES;
				CLANG_ENABLE_OBJC_ARC = YES;
				CLANG_ENABLE_OBJC_WEAK = YES;
				CLANG_WARN_BLOCK_CAPTURE_AUTORELEASING = YES;
				CLANG_WARN_BOOL_CONVERSION = YES;
				CLANG_WARN_COMMA = YES;
				CLANG_WARN_CONSTANT_CONVERSION = YES;
				CLANG_WARN_DEPRECATED_OBJC_IMPLEMENTATIONS = YES;
				CLANG_WARN_DIRECT_OBJC_ISA_USAGE = YES_ERROR;
				CLANG_WARN_DOCUMENTATION_COMMENTS = YES;
				CLANG_WARN_EMPTY_BODY = YES;
				CLANG_WARN_ENUM_CONVERSION = YES;
				CLANG_WARN_INFINITE_RECURSION = YES;
				CLANG_WARN_INT_CONVERSION = YES;
				CLANG_WARN_NON_LITERAL_NULL_CONVERSION = YES;
				CLANG_WARN_OBJC_IMPLICIT_RETAIN_SELF = YES;
				CLANG_WARN_OBJC_LITERAL_CONVERSION = YES;
				CLANG_WARN_OBJC_ROOT_CLASS = YES_ERROR;
				CLANG_WARN_QUOTED_INCLUDE_IN_FRAMEWORK_HEADER = YES;
				CLANG_WARN_RANGE_LOOP_ANALYSIS = YES;
				CLANG_WARN_STRICT_PROTOTYPES = YES;
				CLANG_WARN_SUSPICIOUS_MOVE = YES;
				CLANG_WARN_UNGUARDED_AVAILABILITY = YES_AGGRESSIVE;
				CLANG_WARN_UNREACHABLE_CODE = YES;
				CLANG_WARN__DUPLICATE_METHOD_MATCH = YES;
				COPY_PHASE_STRIP = NO;
				DEBUG_INFORMATION_FORMAT = "dwarf-with-dsym";
				ENABLE_NS_ASSERTIONS = NO;
				ENABLE_STRICT_OBJC_MSGSEND = YES;
				GCC_C_LANGUAGE_STANDARD = gnu11;
				GCC_NO_COMMON_BLOCKS = YES;
				GCC_WARN_64_TO_32_BIT_CONVERSION = YES;
				GCC_WARN_ABOUT_RETURN_TYPE = YES_ERROR;
				GCC_WARN_UNDECLARED_SELECTOR = YES;
				GCC_WARN_UNINITIALIZED_AUTOS = YES_AGGRESSIVE;
				GCC_WARN_UNUSED_FUNCTION = YES;
				GCC_WARN_UNUSED_VARIABLE = YES;
				IPHONEOS_DEPLOYMENT_TARGET = 14.3;
				MTL_ENABLE_DEBUG_INFO = NO;
				MTL_FAST_MATH = YES;
				SDKROOT = iphoneos;
				SWIFT_COMPILATION_MODE = wholemodule;
				SWIFT_OPTIMIZATION_LEVEL = "-O";
				VALIDATE_PRODUCT = YES;
			};
			name = Release;
		};
		1F486F3C25D2ECB800CB192F /* Debug */ = {
			isa = XCBuildConfiguration;
			buildSettings = {
				ASSETCATALOG_COMPILER_APPICON_NAME = AppIcon;
				ASSETCATALOG_COMPILER_GLOBAL_ACCENT_COLOR_NAME = AccentColor;
				CODE_SIGN_STYLE = Automatic;
				DEVELOPMENT_TEAM = JKCU96H3SQ;
				INFOPLIST_FILE = PersonalQuizzz/SupportingFiles/Info.plist;
				LD_RUNPATH_SEARCH_PATHS = (
					"$(inherited)",
					"@executable_path/Frameworks",
				);
				PRODUCT_BUNDLE_IDENTIFIER = ru.alexanderNikolaev.PersonalQuizzz;
				PRODUCT_NAME = "$(TARGET_NAME)";
				SWIFT_VERSION = 5.0;
				TARGETED_DEVICE_FAMILY = "1,2";
			};
			name = Debug;
		};
		1F486F3D25D2ECB800CB192F /* Release */ = {
			isa = XCBuildConfiguration;
			buildSettings = {
				ASSETCATALOG_COMPILER_APPICON_NAME = AppIcon;
				ASSETCATALOG_COMPILER_GLOBAL_ACCENT_COLOR_NAME = AccentColor;
				CODE_SIGN_STYLE = Automatic;
				DEVELOPMENT_TEAM = JKCU96H3SQ;
				INFOPLIST_FILE = PersonalQuizzz/SupportingFiles/Info.plist;
				LD_RUNPATH_SEARCH_PATHS = (
					"$(inherited)",
					"@executable_path/Frameworks",
				);
				PRODUCT_BUNDLE_IDENTIFIER = ru.alexanderNikolaev.PersonalQuizzz;
				PRODUCT_NAME = "$(TARGET_NAME)";
				SWIFT_VERSION = 5.0;
				TARGETED_DEVICE_FAMILY = "1,2";
			};
			name = Release;
		};
/* End XCBuildConfiguration section */

/* Begin XCConfigurationList section */
		1F486F2225D2ECB500CB192F /* Build configuration list for PBXProject "PersonalQuizzz" */ = {
			isa = XCConfigurationList;
			buildConfigurations = (
				1F486F3925D2ECB800CB192F /* Debug */,
				1F486F3A25D2ECB800CB192F /* Release */,
			);
			defaultConfigurationIsVisible = 0;
			defaultConfigurationName = Release;
		};
		1F486F3B25D2ECB800CB192F /* Build configuration list for PBXNativeTarget "PersonalQuizzz" */ = {
			isa = XCConfigurationList;
			buildConfigurations = (
				1F486F3C25D2ECB800CB192F /* Debug */,
				1F486F3D25D2ECB800CB192F /* Release */,
			);
			defaultConfigurationIsVisible = 0;
			defaultConfigurationName = Release;
		};
/* End XCConfigurationList section */
	};
	rootObject = 1F486F1F25D2ECB500CB192F /* Project object */;
}
